
Microsoft Visual Studio Solution File, Format Version 12.00
# Visual Studio Version 16
VisualStudioVersion = 16.0.30711.63
MinimumVisualStudioVersion = 10.0.40219.1
Project("{9A19103F-16F7-4668-BE54-9A1E7A4F7556}") = "Restaurante.Shared", "Restaurante.Shared\Restaurante.Shared.csproj", "{D063BB0F-B93A-43DB-B3BB-24A1D5D31597}"
EndProject
Project("{9A19103F-16F7-4668-BE54-9A1E7A4F7556}") = "Restaurante", "Restaurante\Restaurante.csproj", "{2F762738-FACD-48BA-AE83-55B11B7ADE42}"
EndProject
Project("{9A19103F-16F7-4668-BE54-9A1E7A4F7556}") = "Restaurante.Service", "Restaurante.Service\Restaurante.Service.csproj", "{949D7555-7090-4683-916B-059443F04AD0}"
EndProject
Project("{9A19103F-16F7-4668-BE54-9A1E7A4F7556}") = "Restaurante.Domain", "Restaurante.Domain\Restaurante.Domain.csproj", "{D55B98E9-994E-45DE-A5FE-00C4524DEDDB}"
EndProject
Global
	GlobalSection(SolutionConfigurationPlatforms) = preSolution
		Debug|Any CPU = Debug|Any CPU
		Release|Any CPU = Release|Any CPU
	EndGlobalSection
	GlobalSection(ProjectConfigurationPlatforms) = postSolution
		{D063BB0F-B93A-43DB-B3BB-24A1D5D31597}.Debug|Any CPU.ActiveCfg = Debug|Any CPU
		{D063BB0F-B93A-43DB-B3BB-24A1D5D31597}.Debug|Any CPU.Build.0 = Debug|Any CPU
		{D063BB0F-B93A-43DB-B3BB-24A1D5D31597}.Release|Any CPU.ActiveCfg = Release|Any CPU
		{D063BB0F-B93A-43DB-B3BB-24A1D5D31597}.Release|Any CPU.Build.0 = Release|Any CPU
		{2F762738-FACD-48BA-AE83-55B11B7ADE42}.Debug|Any CPU.ActiveCfg = Debug|Any CPU
		{2F762738-FACD-48BA-AE83-55B11B7ADE42}.Debug|Any CPU.Build.0 = Debug|Any CPU
		{2F762738-FACD-48BA-AE83-55B11B7ADE42}.Release|Any CPU.ActiveCfg = Release|Any CPU
		{2F762738-FACD-48BA-AE83-55B11B7ADE42}.Release|Any CPU.Build.0 = Release|Any CPU
		{949D7555-7090-4683-916B-059443F04AD0}.Debug|Any CPU.ActiveCfg = Debug|Any CPU
		{949D7555-7090-4683-916B-059443F04AD0}.Debug|Any CPU.Build.0 = Debug|Any CPU
		{949D7555-7090-4683-916B-059443F04AD0}.Release|Any CPU.ActiveCfg = Release|Any CPU
		{949D7555-7090-4683-916B-059443F04AD0}.Release|Any CPU.Build.0 = Release|Any CPU
		{D55B98E9-994E-45DE-A5FE-00C4524DEDDB}.Debug|Any CPU.ActiveCfg = Debug|Any CPU
		{D55B98E9-994E-45DE-A5FE-00C4524DEDDB}.Debug|Any CPU.Build.0 = Debug|Any CPU
		{D55B98E9-994E-45DE-A5FE-00C4524DEDDB}.Release|Any CPU.ActiveCfg = Release|Any CPU
		{D55B98E9-994E-45DE-A5FE-00C4524DEDDB}.Release|Any CPU.Build.0 = Release|Any CPU
	EndGlobalSection
	GlobalSection(SolutionProperties) = preSolution
		HideSolutionNode = FALSE
	EndGlobalSection
	GlobalSection(ExtensibilityGlobals) = postSolution
		SolutionGuid = {AB5A36AE-37FD-4587-8910-AF1647B148CD}
	EndGlobalSection
EndGlobal
